
Microsoft Visual Studio Solution File, Format Version 12.00
# Visual Studio Version 17
VisualStudioVersion = 17.10.35013.160
MinimumVisualStudioVersion = 10.0.40219.1
Project("{FAE04EC0-301F-11D3-BF4B-00C04F79EFBC}") = "ShowTokenB", "ShowTokenB\ShowTokenB.csproj", "{8EF329F4-4736-4F16-8B23-42837CC81996}"
EndProject
Global
	GlobalSection(SolutionConfigurationPlatforms) = preSolution
		Debug|Any CPU = Debug|Any CPU
		Release|Any CPU = Release|Any CPU
	EndGlobalSection
	GlobalSection(ProjectConfigurationPlatforms) = postSolution
		{8EF329F4-4736-4F16-8B23-42837CC81996}.Debug|Any CPU.ActiveCfg = Debug|Any CPU
		{8EF329F4-4736-4F16-8B23-42837CC81996}.Debug|Any CPU.Build.0 = Debug|Any CPU
		{8EF329F4-4736-4F16-8B23-42837CC81996}.Release|Any CPU.ActiveCfg = Release|Any CPU
		{8EF329F4-4736-4F16-8B23-42837CC81996}.Release|Any CPU.Build.0 = Release|Any CPU
	EndGlobalSection
	GlobalSection(SolutionProperties) = preSolution
		HideSolutionNode = FALSE
	EndGlobalSection
	GlobalSection(ExtensibilityGlobals) = postSolution
		SolutionGuid = {DA3D52FC-1111-4369-AF95-1F742E9CB2D8}
	EndGlobalSection
EndGlobal
